
Microsoft Visual Studio Solution File, Format Version 12.00
# Visual Studio 15
VisualStudioVersion = 15.0.28307.421
MinimumVisualStudioVersion = 10.0.40219.1
Project("{2150E333-8FDC-42A3-9474-1A3956D46DE8}") = "Examples C", "Examples C", "{9C315555-D0B3-3A39-ACD7-9131A2EB54A1}"
EndProject
Project("{2150E333-8FDC-42A3-9474-1A3956D46DE8}") = "Examples C++", "Examples C++", "{07B01573-1862-317B-B2BC-8E481AD142D1}"
EndProject
Project("{2150E333-8FDC-42A3-9474-1A3956D46DE8}") = "Test", "Test", "{5F2D13A5-8A9F-3422-872F-4D177E55925B}"
EndProject
Project("{8BC9CEB8-8B4A-11D0-8D11-00A0C91BC942}") = "pa_devs", "test\examples\pa_devs.vcxproj", "{FF030C5D-5DFC-3BAC-9BC6-076F7D451261}"
	ProjectSection(ProjectDependencies) = postProject
		{3915B30F-2329-3B4B-A9DE-D4DA6E619756} = {3915B30F-2329-3B4B-A9DE-D4DA6E619756}
	EndProjectSection
EndProject
Project("{8BC9CEB8-8B4A-11D0-8D11-00A0C91BC942}") = "pa_fuzz", "test\examples\pa_fuzz.vcxproj", "{88EE602F-0BD3-3BB3-885E-75C759944EFE}"
	ProjectSection(ProjectDependencies) = postProject
		{3915B30F-2329-3B4B-A9DE-D4DA6E619756} = {3915B30F-2329-3B4B-A9DE-D4DA6E619756}
	EndProjectSection
EndProject
Project("{8BC9CEB8-8B4A-11D0-8D11-00A0C91BC942}") = "paex_ocean_shore", "test\examples\paex_ocean_shore.vcxproj", "{F653821B-4DD1-3D72-9D99-B7F56B4484D6}"
	ProjectSection(ProjectDependencies) = postProject
		{3915B30F-2329-3B4B-A9DE-D4DA6E619756} = {3915B30F-2329-3B4B-A9DE-D4DA6E619756}
	EndProjectSection
EndProject
Project("{8BC9CEB8-8B4A-11D0-8D11-00A0C91BC942}") = "paex_pink", "test\examples\paex_pink.vcxproj", "{775C119A-DFD0-3225-B4DD-0F55E38FEC8A}"
	ProjectSection(ProjectDependencies) = postProject
		{3915B30F-2329-3B4B-A9DE-D4DA6E619756} = {3915B30F-2329-3B4B-A9DE-D4DA6E619756}
	EndProjectSection
EndProject
Project("{8BC9CEB8-8B4A-11D0-8D11-00A0C91BC942}") = "paex_read_write_wire", "test\examples\paex_read_write_wire.vcxproj", "{64898F33-1394-3470-89E1-204143F84150}"
	ProjectSection(ProjectDependencies) = postProject
		{3915B30F-2329-3B4B-A9DE-D4DA6E619756} = {3915B30F-2329-3B4B-A9DE-D4DA6E619756}
	EndProjectSection
EndProject
Project("{8BC9CEB8-8B4A-11D0-8D11-00A0C91BC942}") = "paex_record", "test\examples\paex_record.vcxproj", "{61DC9497-EB21-30A1-9BE0-A6137C4297D5}"
	ProjectSection(ProjectDependencies) = postProject
		{3915B30F-2329-3B4B-A9DE-D4DA6E619756} = {3915B30F-2329-3B4B-A9DE-D4DA6E619756}
	EndProjectSection
EndProject
Project("{8BC9CEB8-8B4A-11D0-8D11-00A0C91BC942}") = "paex_record_file", "test\examples\paex_record_file.vcxproj", "{EB6FC7FF-A1B2-3B67-B69B-B19962C0FA14}"
	ProjectSection(ProjectDependencies) = postProject
		{3915B30F-2329-3B4B-A9DE-D4DA6E619756} = {3915B30F-2329-3B4B-A9DE-D4DA6E619756}
	EndProjectSection
EndProject
Project("{8BC9CEB8-8B4A-11D0-8D11-00A0C91BC942}") = "paex_saw", "test\examples\paex_saw.vcxproj", "{8C7055EE-67D9-3284-884E-20A0FE928925}"
	ProjectSection(ProjectDependencies) = postProject
		{3915B30F-2329-3B4B-A9DE-D4DA6E619756} = {3915B30F-2329-3B4B-A9DE-D4DA6E619756}
	EndProjectSection
EndProject
Project("{8BC9CEB8-8B4A-11D0-8D11-00A0C91BC942}") = "paex_sine", "test\examples\paex_sine.vcxproj", "{9C5A24AA-A311-3D5B-AE06-319AA7094FD7}"
	ProjectSection(ProjectDependencies) = postProject
		{3915B30F-2329-3B4B-A9DE-D4DA6E619756} = {3915B30F-2329-3B4B-A9DE-D4DA6E619756}
	EndProjectSection
EndProject
Project("{8BC9CEB8-8B4A-11D0-8D11-00A0C91BC942}") = "paex_sine_c++", "test\examples\paex_sine_c++.vcxproj", "{B25EB6AB-1F16-3FC2-9910-15ED5D6C8FFF}"
	ProjectSection(ProjectDependencies) = postProject
		{3915B30F-2329-3B4B-A9DE-D4DA6E619756} = {3915B30F-2329-3B4B-A9DE-D4DA6E619756}
	EndProjectSection
EndProject
Project("{8BC9CEB8-8B4A-11D0-8D11-00A0C91BC942}") = "paex_wmme_ac3", "test\examples\paex_wmme_ac3.vcxproj", "{469E427A-B944-35FF-93DF-A00043819DFC}"
	ProjectSection(ProjectDependencies) = postProject
		{3915B30F-2329-3B4B-A9DE-D4DA6E619756} = {3915B30F-2329-3B4B-A9DE-D4DA6E619756}
	EndProjectSection
EndProject
Project("{8BC9CEB8-8B4A-11D0-8D11-00A0C91BC942}") = "paex_wmme_surround", "test\examples\paex_wmme_surround.vcxproj", "{43AE8520-E7A1-3DEA-8A12-626555D8FF1A}"
	ProjectSection(ProjectDependencies) = postProject
		{3915B30F-2329-3B4B-A9DE-D4DA6E619756} = {3915B30F-2329-3B4B-A9DE-D4DA6E619756}
	EndProjectSection
EndProject
Project("{8BC9CEB8-8B4A-11D0-8D11-00A0C91BC942}") = "paex_write_sine", "test\examples\paex_write_sine.vcxproj", "{A7168D55-D206-3DA8-9BEE-237F907A9F14}"
	ProjectSection(ProjectDependencies) = postProject
		{3915B30F-2329-3B4B-A9DE-D4DA6E619756} = {3915B30F-2329-3B4B-A9DE-D4DA6E619756}
	EndProjectSection
EndProject
Project("{8BC9CEB8-8B4A-11D0-8D11-00A0C91BC942}") = "paex_write_sine_nonint", "test\examples\paex_write_sine_nonint.vcxproj", "{D49B7441-A19E-38B7-A56E-26B7EA7B1BB1}"
	ProjectSection(ProjectDependencies) = postProject
		{3915B30F-2329-3B4B-A9DE-D4DA6E619756} = {3915B30F-2329-3B4B-A9DE-D4DA6E619756}
	EndProjectSection
EndProject
Project("{8BC9CEB8-8B4A-11D0-8D11-00A0C91BC942}") = "patest_longsine", "test\test\patest_longsine.vcxproj", "{359F17A5-CA97-3F9C-B3DC-5E633A29B032}"
	ProjectSection(ProjectDependencies) = postProject
		{3915B30F-2329-3B4B-A9DE-D4DA6E619756} = {3915B30F-2329-3B4B-A9DE-D4DA6E619756}
	EndProjectSection
EndProject
Project("{8BC9CEB8-8B4A-11D0-8D11-00A0C91BC942}") = "portaudio", "thirdparty\portaudio-v19.7.0\portaudio.vcxproj", "{0FAFF1B6-CBB1-35CE-B08C-F5AF167C2E26}"
EndProject
Project("{2150E333-8FDC-42A3-9474-1A3956D46DE8}") = "0_thirdparty", "0_thirdparty", "{04A9F9BB-4817-4ED0-B5FC-FF75E8982280}"
EndProject
Project("{8BC9CEB8-8B4A-11D0-8D11-00A0C91BC942}") = "libportaudio", "thirdparty\portaudio-v19.7.0\libportaudio.vcxproj", "{3915B30F-2329-3B4B-A9DE-D4DA6E619756}"
EndProject
Project("{2150E333-8FDC-42A3-9474-1A3956D46DE8}") = "1_test", "1_test", "{5BC9E97B-2C5F-4F40-8276-E39EF0B87B1C}"
EndProject
Project("{8BC9CEB8-8B4A-11D0-8D11-00A0C91BC942}") = "devs_example", "test\bindings\cpp\example\devs_example.vcxproj", "{1B9A038D-80A3-4DBD-9F0D-AF10B49B863A}"
	ProjectSection(ProjectDependencies) = postProject
		{A78DCBC4-077B-4884-A7F4-D9AF70EDB538} = {A78DCBC4-077B-4884-A7F4-D9AF70EDB538}
	EndProjectSection
EndProject
Project("{8BC9CEB8-8B4A-11D0-8D11-00A0C91BC942}") = "sine_example", "test\bindings\cpp\example\sine_example.vcxproj", "{2A1C84B4-D32E-41D3-BDE4-AF42A0436566}"
EndProject
Project("{2150E333-8FDC-42A3-9474-1A3956D46DE8}") = "0_lib", "0_lib", "{4E64F37F-2C44-4C6A-8436-5C7CFBC74547}"
EndProject
Project("{2150E333-8FDC-42A3-9474-1A3956D46DE8}") = "1_exe", "1_exe", "{58952E7F-C164-411E-A6C7-D05F6E566833}"
EndProject
Project("{2150E333-8FDC-42A3-9474-1A3956D46DE8}") = "bindings", "bindings", "{68FDE8A7-A337-43D7-918F-D36720C92B72}"
EndProject
Project("{8BC9CEB8-8B4A-11D0-8D11-00A0C91BC942}") = "libportaudiocpp", "test\bindings\cpp\libportaudiocpp.vcxproj", "{D18EA0C9-8C65-441D-884C-55EB43A84F2A}"
EndProject
Project("{8BC9CEB8-8B4A-11D0-8D11-00A0C91BC942}") = "libasio", "thirdparty\asiosdk_2.3.3\libasio.vcxproj", "{A78DCBC4-077B-4884-A7F4-D9AF70EDB538}"
EndProject
Global
	GlobalSection(SolutionConfigurationPlatforms) = preSolution
		Debug|x64 = Debug|x64
		Release|x64 = Release|x64
	EndGlobalSection
	GlobalSection(ProjectConfigurationPlatforms) = postSolution
		{FF030C5D-5DFC-3BAC-9BC6-076F7D451261}.Debug|x64.ActiveCfg = Debug|x64
		{FF030C5D-5DFC-3BAC-9BC6-076F7D451261}.Debug|x64.Build.0 = Debug|x64
		{FF030C5D-5DFC-3BAC-9BC6-076F7D451261}.Release|x64.ActiveCfg = Release|x64
		{FF030C5D-5DFC-3BAC-9BC6-076F7D451261}.Release|x64.Build.0 = Release|x64
		{88EE602F-0BD3-3BB3-885E-75C759944EFE}.Debug|x64.ActiveCfg = Debug|x64
		{88EE602F-0BD3-3BB3-885E-75C759944EFE}.Debug|x64.Build.0 = Debug|x64
		{88EE602F-0BD3-3BB3-885E-75C759944EFE}.Release|x64.ActiveCfg = Release|x64
		{88EE602F-0BD3-3BB3-885E-75C759944EFE}.Release|x64.Build.0 = Release|x64
		{F653821B-4DD1-3D72-9D99-B7F56B4484D6}.Debug|x64.ActiveCfg = Debug|x64
		{F653821B-4DD1-3D72-9D99-B7F56B4484D6}.Debug|x64.Build.0 = Debug|x64
		{F653821B-4DD1-3D72-9D99-B7F56B4484D6}.Release|x64.ActiveCfg = Release|x64
		{F653821B-4DD1-3D72-9D99-B7F56B4484D6}.Release|x64.Build.0 = Release|x64
		{775C119A-DFD0-3225-B4DD-0F55E38FEC8A}.Debug|x64.ActiveCfg = Debug|x64
		{775C119A-DFD0-3225-B4DD-0F55E38FEC8A}.Debug|x64.Build.0 = Debug|x64
		{775C119A-DFD0-3225-B4DD-0F55E38FEC8A}.Release|x64.ActiveCfg = Release|x64
		{775C119A-DFD0-3225-B4DD-0F55E38FEC8A}.Release|x64.Build.0 = Release|x64
		{64898F33-1394-3470-89E1-204143F84150}.Debug|x64.ActiveCfg = Debug|x64
		{64898F33-1394-3470-89E1-204143F84150}.Debug|x64.Build.0 = Debug|x64
		{64898F33-1394-3470-89E1-204143F84150}.Release|x64.ActiveCfg = Release|x64
		{64898F33-1394-3470-89E1-204143F84150}.Release|x64.Build.0 = Release|x64
		{61DC9497-EB21-30A1-9BE0-A6137C4297D5}.Debug|x64.ActiveCfg = Debug|x64
		{61DC9497-EB21-30A1-9BE0-A6137C4297D5}.Debug|x64.Build.0 = Debug|x64
		{61DC9497-EB21-30A1-9BE0-A6137C4297D5}.Release|x64.ActiveCfg = Release|x64
		{61DC9497-EB21-30A1-9BE0-A6137C4297D5}.Release|x64.Build.0 = Release|x64
		{EB6FC7FF-A1B2-3B67-B69B-B19962C0FA14}.Debug|x64.ActiveCfg = Debug|x64
		{EB6FC7FF-A1B2-3B67-B69B-B19962C0FA14}.Debug|x64.Build.0 = Debug|x64
		{EB6FC7FF-A1B2-3B67-B69B-B19962C0FA14}.Release|x64.ActiveCfg = Release|x64
		{EB6FC7FF-A1B2-3B67-B69B-B19962C0FA14}.Release|x64.Build.0 = Release|x64
		{8C7055EE-67D9-3284-884E-20A0FE928925}.Debug|x64.ActiveCfg = Debug|x64
		{8C7055EE-67D9-3284-884E-20A0FE928925}.Debug|x64.Build.0 = Debug|x64
		{8C7055EE-67D9-3284-884E-20A0FE928925}.Release|x64.ActiveCfg = Release|x64
		{8C7055EE-67D9-3284-884E-20A0FE928925}.Release|x64.Build.0 = Release|x64
		{9C5A24AA-A311-3D5B-AE06-319AA7094FD7}.Debug|x64.ActiveCfg = Debug|x64
		{9C5A24AA-A311-3D5B-AE06-319AA7094FD7}.Debug|x64.Build.0 = Debug|x64
		{9C5A24AA-A311-3D5B-AE06-319AA7094FD7}.Release|x64.ActiveCfg = Release|x64
		{9C5A24AA-A311-3D5B-AE06-319AA7094FD7}.Release|x64.Build.0 = Release|x64
		{B25EB6AB-1F16-3FC2-9910-15ED5D6C8FFF}.Debug|x64.ActiveCfg = Debug|x64
		{B25EB6AB-1F16-3FC2-9910-15ED5D6C8FFF}.Debug|x64.Build.0 = Debug|x64
		{B25EB6AB-1F16-3FC2-9910-15ED5D6C8FFF}.Release|x64.ActiveCfg = Release|x64
		{B25EB6AB-1F16-3FC2-9910-15ED5D6C8FFF}.Release|x64.Build.0 = Release|x64
		{469E427A-B944-35FF-93DF-A00043819DFC}.Debug|x64.ActiveCfg = Debug|x64
		{469E427A-B944-35FF-93DF-A00043819DFC}.Debug|x64.Build.0 = Debug|x64
		{469E427A-B944-35FF-93DF-A00043819DFC}.Release|x64.ActiveCfg = Release|x64
		{469E427A-B944-35FF-93DF-A00043819DFC}.Release|x64.Build.0 = Release|x64
		{43AE8520-E7A1-3DEA-8A12-626555D8FF1A}.Debug|x64.ActiveCfg = Debug|x64
		{43AE8520-E7A1-3DEA-8A12-626555D8FF1A}.Debug|x64.Build.0 = Debug|x64
		{43AE8520-E7A1-3DEA-8A12-626555D8FF1A}.Release|x64.ActiveCfg = Release|x64
		{43AE8520-E7A1-3DEA-8A12-626555D8FF1A}.Release|x64.Build.0 = Release|x64
		{A7168D55-D206-3DA8-9BEE-237F907A9F14}.Debug|x64.ActiveCfg = Debug|x64
		{A7168D55-D206-3DA8-9BEE-237F907A9F14}.Debug|x64.Build.0 = Debug|x64
		{A7168D55-D206-3DA8-9BEE-237F907A9F14}.Release|x64.ActiveCfg = Release|x64
		{A7168D55-D206-3DA8-9BEE-237F907A9F14}.Release|x64.Build.0 = Release|x64
		{D49B7441-A19E-38B7-A56E-26B7EA7B1BB1}.Debug|x64.ActiveCfg = Debug|x64
		{D49B7441-A19E-38B7-A56E-26B7EA7B1BB1}.Debug|x64.Build.0 = Debug|x64
		{D49B7441-A19E-38B7-A56E-26B7EA7B1BB1}.Release|x64.ActiveCfg = Release|x64
		{D49B7441-A19E-38B7-A56E-26B7EA7B1BB1}.Release|x64.Build.0 = Release|x64
		{359F17A5-CA97-3F9C-B3DC-5E633A29B032}.Debug|x64.ActiveCfg = Debug|x64
		{359F17A5-CA97-3F9C-B3DC-5E633A29B032}.Debug|x64.Build.0 = Debug|x64
		{359F17A5-CA97-3F9C-B3DC-5E633A29B032}.Release|x64.ActiveCfg = Release|x64
		{359F17A5-CA97-3F9C-B3DC-5E633A29B032}.Release|x64.Build.0 = Release|x64
		{0FAFF1B6-CBB1-35CE-B08C-F5AF167C2E26}.Debug|x64.ActiveCfg = Debug|x64
		{0FAFF1B6-CBB1-35CE-B08C-F5AF167C2E26}.Debug|x64.Build.0 = Debug|x64
		{0FAFF1B6-CBB1-35CE-B08C-F5AF167C2E26}.Release|x64.ActiveCfg = Release|x64
		{0FAFF1B6-CBB1-35CE-B08C-F5AF167C2E26}.Release|x64.Build.0 = Release|x64
		{3915B30F-2329-3B4B-A9DE-D4DA6E619756}.Debug|x64.ActiveCfg = Debug|x64
		{3915B30F-2329-3B4B-A9DE-D4DA6E619756}.Debug|x64.Build.0 = Debug|x64
		{3915B30F-2329-3B4B-A9DE-D4DA6E619756}.Release|x64.ActiveCfg = Release|x64
		{3915B30F-2329-3B4B-A9DE-D4DA6E619756}.Release|x64.Build.0 = Release|x64
		{1B9A038D-80A3-4DBD-9F0D-AF10B49B863A}.Debug|x64.ActiveCfg = Debug|x64
		{1B9A038D-80A3-4DBD-9F0D-AF10B49B863A}.Debug|x64.Build.0 = Debug|x64
		{1B9A038D-80A3-4DBD-9F0D-AF10B49B863A}.Release|x64.ActiveCfg = Release|x64
		{1B9A038D-80A3-4DBD-9F0D-AF10B49B863A}.Release|x64.Build.0 = Release|x64
		{2A1C84B4-D32E-41D3-BDE4-AF42A0436566}.Debug|x64.ActiveCfg = Debug|x64
		{2A1C84B4-D32E-41D3-BDE4-AF42A0436566}.Debug|x64.Build.0 = Debug|x64
		{2A1C84B4-D32E-41D3-BDE4-AF42A0436566}.Release|x64.ActiveCfg = Release|x64
		{2A1C84B4-D32E-41D3-BDE4-AF42A0436566}.Release|x64.Build.0 = Release|x64
		{D18EA0C9-8C65-441D-884C-55EB43A84F2A}.Debug|x64.ActiveCfg = Debug|x64
		{D18EA0C9-8C65-441D-884C-55EB43A84F2A}.Debug|x64.Build.0 = Debug|x64
		{D18EA0C9-8C65-441D-884C-55EB43A84F2A}.Release|x64.ActiveCfg = Release|x64
		{D18EA0C9-8C65-441D-884C-55EB43A84F2A}.Release|x64.Build.0 = Release|x64
		{A78DCBC4-077B-4884-A7F4-D9AF70EDB538}.Debug|x64.ActiveCfg = Debug|x64
		{A78DCBC4-077B-4884-A7F4-D9AF70EDB538}.Debug|x64.Build.0 = Debug|x64
		{A78DCBC4-077B-4884-A7F4-D9AF70EDB538}.Release|x64.ActiveCfg = Release|x64
		{A78DCBC4-077B-4884-A7F4-D9AF70EDB538}.Release|x64.Build.0 = Release|x64
	EndGlobalSection
	GlobalSection(SolutionProperties) = preSolution
		HideSolutionNode = FALSE
	EndGlobalSection
	GlobalSection(NestedProjects) = preSolution
		{9C315555-D0B3-3A39-ACD7-9131A2EB54A1} = {5BC9E97B-2C5F-4F40-8276-E39EF0B87B1C}
		{07B01573-1862-317B-B2BC-8E481AD142D1} = {5BC9E97B-2C5F-4F40-8276-E39EF0B87B1C}
		{5F2D13A5-8A9F-3422-872F-4D177E55925B} = {5BC9E97B-2C5F-4F40-8276-E39EF0B87B1C}
		{FF030C5D-5DFC-3BAC-9BC6-076F7D451261} = {9C315555-D0B3-3A39-ACD7-9131A2EB54A1}
		{88EE602F-0BD3-3BB3-885E-75C759944EFE} = {9C315555-D0B3-3A39-ACD7-9131A2EB54A1}
		{F653821B-4DD1-3D72-9D99-B7F56B4484D6} = {9C315555-D0B3-3A39-ACD7-9131A2EB54A1}
		{775C119A-DFD0-3225-B4DD-0F55E38FEC8A} = {9C315555-D0B3-3A39-ACD7-9131A2EB54A1}
		{64898F33-1394-3470-89E1-204143F84150} = {9C315555-D0B3-3A39-ACD7-9131A2EB54A1}
		{61DC9497-EB21-30A1-9BE0-A6137C4297D5} = {9C315555-D0B3-3A39-ACD7-9131A2EB54A1}
		{EB6FC7FF-A1B2-3B67-B69B-B19962C0FA14} = {9C315555-D0B3-3A39-ACD7-9131A2EB54A1}
		{8C7055EE-67D9-3284-884E-20A0FE928925} = {9C315555-D0B3-3A39-ACD7-9131A2EB54A1}
		{9C5A24AA-A311-3D5B-AE06-319AA7094FD7} = {9C315555-D0B3-3A39-ACD7-9131A2EB54A1}
		{B25EB6AB-1F16-3FC2-9910-15ED5D6C8FFF} = {07B01573-1862-317B-B2BC-8E481AD142D1}
		{469E427A-B944-35FF-93DF-A00043819DFC} = {9C315555-D0B3-3A39-ACD7-9131A2EB54A1}
		{43AE8520-E7A1-3DEA-8A12-626555D8FF1A} = {9C315555-D0B3-3A39-ACD7-9131A2EB54A1}
		{A7168D55-D206-3DA8-9BEE-237F907A9F14} = {9C315555-D0B3-3A39-ACD7-9131A2EB54A1}
		{D49B7441-A19E-38B7-A56E-26B7EA7B1BB1} = {9C315555-D0B3-3A39-ACD7-9131A2EB54A1}
		{359F17A5-CA97-3F9C-B3DC-5E633A29B032} = {5F2D13A5-8A9F-3422-872F-4D177E55925B}
		{0FAFF1B6-CBB1-35CE-B08C-F5AF167C2E26} = {04A9F9BB-4817-4ED0-B5FC-FF75E8982280}
		{3915B30F-2329-3B4B-A9DE-D4DA6E619756} = {04A9F9BB-4817-4ED0-B5FC-FF75E8982280}
		{1B9A038D-80A3-4DBD-9F0D-AF10B49B863A} = {58952E7F-C164-411E-A6C7-D05F6E566833}
		{2A1C84B4-D32E-41D3-BDE4-AF42A0436566} = {58952E7F-C164-411E-A6C7-D05F6E566833}
		{4E64F37F-2C44-4C6A-8436-5C7CFBC74547} = {68FDE8A7-A337-43D7-918F-D36720C92B72}
		{58952E7F-C164-411E-A6C7-D05F6E566833} = {68FDE8A7-A337-43D7-918F-D36720C92B72}
		{68FDE8A7-A337-43D7-918F-D36720C92B72} = {5BC9E97B-2C5F-4F40-8276-E39EF0B87B1C}
		{D18EA0C9-8C65-441D-884C-55EB43A84F2A} = {4E64F37F-2C44-4C6A-8436-5C7CFBC74547}
		{A78DCBC4-077B-4884-A7F4-D9AF70EDB538} = {04A9F9BB-4817-4ED0-B5FC-FF75E8982280}
	EndGlobalSection
	GlobalSection(ExtensibilityGlobals) = postSolution
		SolutionGuid = {0A8CEE52-492A-4393-9DD8-1A14948800DE}
	EndGlobalSection
EndGlobal
